PODS:
  - AppCenter (4.4.2):
    - AppCenter/Analytics (= 4.4.2)
    - AppCenter/Crashes (= 4.4.2)
  - AppCenter/Analytics (4.4.2):
    - AppCenter/Core
  - AppCenter/Core (4.4.2)
  - AppCenter/Crashes (4.4.2):
    - AppCenter/Core
  - LookinShared (1.2.2)
  - ReactiveObjC (3.1.0)
  - Sparkle (1.27.1)

DEPENDENCIES:
  - AppCenter
  - LookinShared (from `https://github.com/QMUI/LookinServer.git`, branch `release/1.2.2`)
  - ReactiveObjC (= 3.1.0)
  - Sparkle (~> 1.0)

SPEC REPOS:
  trunk:
    - AppCenter
    - ReactiveObjC
    - Sparkle

EXTERNAL SOURCES:
  LookinShared:
    :branch: release/1.2.2
    :git: https://github.com/QMUI/LookinServer.git

CHECKOUT OPTIONS:
  LookinShared:
    :commit: 89e8836587d2f52357e5d29524710fcb14f45bcb
    :git: https://github.com/QMUI/LookinServer.git

SPEC CHECKSUMS:
  AppCenter: b0eca112a27b71e97488ffa1949ee38c7abd4b79
  LookinShared: 7d410d375350ad66dc6b3885b2567a5de93ffdd9
  ReactiveObjC: 2a38ea15335de4119d8b17caf1db1484f61db902
  Sparkle: 23f98b268284c8c03e6228230fc8f1807ef041d5

PODFILE CHECKSUM: 9178fa403aae6d5b029ffd415f995b5b081b0d64

COCOAPODS: 1.13.0
